
Microsoft Visual Studio Solution File, Format Version 12.00
# Visual Studio Version 17
VisualStudioVersion = 17.13.35825.156 d17.13
MinimumVisualStudioVersion = 10.0.40219.1
Project("{FAE04EC0-301F-11D3-BF4B-00C04F79EFBC}") = "DisConnectedMode", "DisConnectedMode\DisConnectedMode.csproj", "{BA3F7E85-4BFA-4782-95B3-9C2C552A1BFF}"
EndProject
Global
	GlobalSection(SolutionConfigurationPlatforms) = preSolution
		Debug|Any CPU = Debug|Any CPU
		Release|Any CPU = Release|Any CPU
	EndGlobalSection
	GlobalSection(ProjectConfigurationPlatforms) = postSolution
		{BA3F7E85-4BFA-4782-95B3-9C2C552A1BFF}.Debug|Any CPU.ActiveCfg = Debug|Any CPU
		{BA3F7E85-4BFA-4782-95B3-9C2C552A1BFF}.Debug|Any CPU.Build.0 = Debug|Any CPU
		{BA3F7E85-4BFA-4782-95B3-9C2C552A1BFF}.Release|Any CPU.ActiveCfg = Release|Any CPU
		{BA3F7E85-4BFA-4782-95B3-9C2C552A1BFF}.Release|Any CPU.Build.0 = Release|Any CPU
	EndGlobalSection
	GlobalSection(SolutionProperties) = preSolution
		HideSolutionNode = FALSE
	EndGlobalSection
	GlobalSection(ExtensibilityGlobals) = postSolution
		SolutionGuid = {EC38C984-6456-4C88-92B5-79C8F1963B45}
	EndGlobalSection
EndGlobal
